// !$*UTF8*$!
{
	archiveVersion = 1;
	classes = {
	};
	objectVersion = 46;
	objects = {

/* Begin PBXBuildFile section */
		01A4B8F91F3C062100E807B5 /* main.m in Sources */ = {isa = PBXBuildFile; fileRef = 01A4B8F81F3C062100E807B5 /* main.m */; };
		01A4B8FC1F3C062100E807B5 /* AppDelegate.m in Sources */ = {isa = PBXBuildFile; fileRef = 01A4B8FB1F3C062100E807B5 /* AppDelegate.m */; };
		01A4B8FF1F3C062100E807B5 /* ViewController.m in Sources */ = {isa = PBXBuildFile; fileRef = 01A4B8FE1F3C062100E807B5 /* ViewController.m */; };
		01A4B9021F3C062100E807B5 /* Main.storyboard in Resources */ = {isa = PBXBuildFile; fileRef = 01A4B9001F3C062100E807B5 /* Main.storyboard */; };
		01A4B9041F3C062100E807B5 /* Assets.xcassets in Resources */ = {isa = PBXBuildFile; fileRef = 01A4B9031F3C062100E807B5 /* Assets.xcassets */; };
		01A4B9071F3C062100E807B5 /* LaunchScreen.storyboard in Resources */ = {isa = PBXBuildFile; fileRef = 01A4B9051F3C062100E807B5 /* LaunchScreen.storyboard */; };
		01A4B9121F3C062100E807B5 /* FNCollectionViewLayoutDemoTests.m in Sources */ = {isa = PBXBuildFile; fileRef = 01A4B9111F3C062100E807B5 /* FNCollectionViewLayoutDemoTests.m */; };
		01A4B91D1F3C062100E807B5 /* FNCollectionViewLayoutDemoUITests.m in Sources */ = {isa = PBXBuildFile; fileRef = 01A4B91C1F3C062100E807B5 /* FNCollectionViewLayoutDemoUITests.m */; };
		01A4B92E1F3C07AD00E807B5 /* FNLayout.m in Sources */ = {isa = PBXBuildFile; fileRef = 01A4B92D1F3C07AD00E807B5 /* FNLayout.m */; };
		01A4B9311F3C118100E807B5 /* FNCollectionViewLayout.m in Sources */ = {isa = PBXBuildFile; fileRef = 01A4B9301F3C118100E807B5 /* FNCollectionViewLayout.m */; };
		01A4B9341F3C275100E807B5 /* FNCollectionViewReorderableLayout.m in Sources */ = {isa = PBXBuildFile; fileRef = 01A4B9331F3C275100E807B5 /* FNCollectionViewReorderableLayout.m */; };
		01A4B9391F3C304600E807B5 /* DemoOneViewController.m in Sources */ = {isa = PBXBuildFile; fileRef = 01A4B9381F3C304600E807B5 /* DemoOneViewController.m */; };
		01A4B93D1F3C36B800E807B5 /* DemoCollectionViewCell.m in Sources */ = {isa = PBXBuildFile; fileRef = 01A4B93C1F3C36B800E807B5 /* DemoCollectionViewCell.m */; };
		01A4B9411F3C37D700E807B5 /* DemoModel.m in Sources */ = {isa = PBXBuildFile; fileRef = 01A4B9401F3C37D700E807B5 /* DemoModel.m */; };
		01A4B9441F3C3F1100E807B5 /* DemoConCollectionViewCell.m in Sources */ = {isa = PBXBuildFile; fileRef = 01A4B9431F3C3F1100E807B5 /* DemoConCollectionViewCell.m */; };
		01A4B9491F3C40FC00E807B5 /* libz.tbd in Frameworks */ = {isa = PBXBuildFile; fileRef = 01A4B9481F3C40FC00E807B5 /* libz.tbd */; };
		01A4B9511F3C46D700E807B5 /* DemoTwoViewController.m in Sources */ = {isa = PBXBuildFile; fileRef = 01A4B9501F3C46D700E807B5 /* DemoTwoViewController.m */; };
		01A4B9551F3C50C300E807B5 /* DemoThreeViewController.m in Sources */ = {isa = PBXBuildFile; fileRef = 01A4B9541F3C50C300E807B5 /* DemoThreeViewController.m */; };
		01A4B9591F3C547600E807B5 /* DemoFourViewController.m in Sources */ = {isa = PBXBuildFile; fileRef = 01A4B9581F3C547600E807B5 /* DemoFourViewController.m */; };
/* End PBXBuildFile section */

/* Begin PBXContainerItemProxy section */
		01A4B90E1F3C062100E807B5 /* PBXContainerItemProxy */ = {
			isa = PBXContainerItemProxy;
			containerPortal = 01A4B8EC1F3C062100E807B5 /* Project object */;
			proxyType = 1;
			remoteGlobalIDString = 01A4B8F31F3C062100E807B5;
			remoteInfo = FNCollectionViewLayoutDemo;
		};
		01A4B9191F3C062100E807B5 /* PBXContainerItemProxy */ = {
			isa = PBXContainerItemProxy;
			containerPortal = 01A4B8EC1F3C062100E807B5 /* Project object */;
			proxyType = 1;
			remoteGlobalIDString = 01A4B8F31F3C062100E807B5;
			remoteInfo = FNCollectionViewLayoutDemo;
		};
/* End PBXContainerItemProxy section */

/* Begin PBXFileReference section */
		01A4B8F41F3C062100E807B5 /* FNCollectionViewLayoutDemo.app */ = {isa = PBXFileReference; explicitFileType = wrapper.application; includeInIndex = 0; path = FNCollectionViewLayoutDemo.app; sourceTree = BUILT_PRODUCTS_DIR; };
		01A4B8F81F3C062100E807B5 /* main.m */ = {isa = PBXFileReference; lastKnownFileType = sourcecode.c.objc; path = main.m; sourceTree = "<group>"; };
		01A4B8FA1F3C062100E807B5 /* AppDelegate.h */ = {isa = PBXFileReference; lastKnownFileType = sourcecode.c.h; path = AppDelegate.h; sourceTree = "<group>"; };
		01A4B8FB1F3C062100E807B5 /* AppDelegate.m */ = {isa = PBXFileReference; lastKnownFileType = sourcecode.c.objc; path = AppDelegate.m; sourceTree = "<group>"; };
		01A4B8FD1F3C062100E807B5 /* ViewController.h */ = {isa = PBXFileReference; lastKnownFileType = sourcecode.c.h; path = ViewController.h; sourceTree = "<group>"; };
		01A4B8FE1F3C062100E807B5 /* ViewController.m */ = {isa = PBXFileReference; lastKnownFileType = sourcecode.c.objc; path = ViewController.m; sourceTree = "<group>"; };
		01A4B9011F3C062100E807B5 /* Base */ = {isa = PBXFileReference; lastKnownFileType = file.storyboard; name = Base; path = Base.lproj/Main.storyboard; sourceTree = "<group>"; };
		01A4B9031F3C062100E807B5 /* Assets.xcassets */ = {isa = PBXFileReference; lastKnownFileType = folder.assetcatalog; path = Assets.xcassets; sourceTree = "<group>"; };
		01A4B9061F3C062100E807B5 /* Base */ = {isa = PBXFileReference; lastKnownFileType = file.storyboard; name = Base; path = Base.lproj/LaunchScreen.storyboard; sourceTree = "<group>"; };
		01A4B9081F3C062100E807B5 /* Info.plist */ = {isa = PBXFileReference; lastKnownFileType = text.plist.xml; path = Info.plist; sourceTree = "<group>"; };
		01A4B90D1F3C062100E807B5 /* FNCollectionViewLayoutDemoTests.xctest */ = {isa = PBXFileReference; explicitFileType = wrapper.cfbundle; includeInIndex = 0; path = FNCollectionViewLayoutDemoTests.xctest; sourceTree = BUILT_PRODUCTS_DIR; };
		01A4B9111F3C062100E807B5 /* FNCollectionViewLayoutDemoTests.m */ = {isa = PBXFileReference; lastKnownFileType = sourcecode.c.objc; path = FNCollectionViewLayoutDemoTests.m; sourceTree = "<group>"; };
		01A4B9131F3C062100E807B5 /* Info.plist */ = {isa = PBXFileReference; lastKnownFileType = text.plist.xml; path = Info.plist; sourceTree = "<group>"; };
		01A4B9181F3C062100E807B5 /* FNCollectionViewLayoutDemoUITests.xctest */ = {isa = PBXFileReference; explicitFileType = wrapper.cfbundle; includeInIndex = 0; path = FNCollectionViewLayoutDemoUITests.xctest; sourceTree = BUILT_PRODUCTS_DIR; };
		01A4B91C1F3C062100E807B5 /* FNCollectionViewLayoutDemoUITests.m */ = {isa = PBXFileReference; lastKnownFileType = sourcecode.c.objc; path = FNCollectionViewLayoutDemoUITests.m; sourceTree = "<group>"; };
		01A4B91E1F3C062100E807B5 /* Info.plist */ = {isa = PBXFileReference; lastKnownFileType = text.plist.xml; path = Info.plist; sourceTree = "<group>"; };
		01A4B92C1F3C07AD00E807B5 /* FNLayout.h */ = {isa = PBXFileReference; fileEncoding = 4; lastKnownFileType = sourcecode.c.h; path = FNLayout.h; sourceTree = "<group>"; };
		01A4B92D1F3C07AD00E807B5 /* FNLayout.m */ = {isa = PBXFileReference; fileEncoding = 4; lastKnownFileType = sourcecode.c.objc; path = FNLayout.m; sourceTree = "<group>"; };
		01A4B92F1F3C118100E807B5 /* FNCollectionViewLayout.h */ = {isa = PBXFileReference; fileEncoding = 4; lastKnownFileType = sourcecode.c.h; path = FNCollectionViewLayout.h; sourceTree = "<group>"; };
		01A4B9301F3C118100E807B5 /* FNCollectionViewLayout.m */ = {isa = PBXFileReference; fileEncoding = 4; lastKnownFileType = sourcecode.c.objc; path = FNCollectionViewLayout.m; sourceTree = "<group>"; };
		01A4B9321F3C275100E807B5 /* FNCollectionViewReorderableLayout.h */ = {isa = PBXFileReference; fileEncoding = 4; lastKnownFileType = sourcecode.c.h; path = FNCollectionViewReorderableLayout.h; sourceTree = "<group>"; };
		01A4B9331F3C275100E807B5 /* FNCollectionViewReorderableLayout.m */ = {isa = PBXFileReference; fileEncoding = 4; lastKnownFileType = sourcecode.c.objc; path = FNCollectionViewReorderableLayout.m; sourceTree = "<group>"; };
		01A4B9371F3C304600E807B5 /* DemoOneViewController.h */ = {isa = PBXFileReference; fileEncoding = 4; lastKnownFileType = sourcecode.c.h; path = DemoOneViewController.h; sourceTree = "<group>"; };
		01A4B9381F3C304600E807B5 /* DemoOneViewController.m */ = {isa = PBXFileReference; fileEncoding = 4; lastKnownFileType = sourcecode.c.objc; path = DemoOneViewController.m; sourceTree = "<group>"; };
		01A4B93B1F3C36B800E807B5 /* DemoCollectionViewCell.h */ = {isa = PBXFileReference; fileEncoding = 4; lastKnownFileType = sourcecode.c.h; path = DemoCollectionViewCell.h; sourceTree = "<group>"; };
		01A4B93C1F3C36B800E807B5 /* DemoCollectionViewCell.m */ = {isa = PBXFileReference; fileEncoding = 4; lastKnownFileType = sourcecode.c.objc; path = DemoCollectionViewCell.m; sourceTree = "<group>"; };
		01A4B93F1F3C37D700E807B5 /* DemoModel.h */ = {isa = PBXFileReference; fileEncoding = 4; lastKnownFileType = sourcecode.c.h; path = DemoModel.h; sourceTree = "<group>"; };
		01A4B9401F3C37D700E807B5 /* DemoModel.m */ = {isa = PBXFileReference; fileEncoding = 4; lastKnownFileType = sourcecode.c.objc; path = DemoModel.m; sourceTree = "<group>"; };
		01A4B9421F3C3F1100E807B5 /* DemoConCollectionViewCell.h */ = {isa = PBXFileReference; fileEncoding = 4; lastKnownFileType = sourcecode.c.h; path = DemoConCollectionViewCell.h; sourceTree = "<group>"; };
		01A4B9431F3C3F1100E807B5 /* DemoConCollectionViewCell.m */ = {isa = PBXFileReference; fileEncoding = 4; lastKnownFileType = sourcecode.c.objc; path = DemoConCollectionViewCell.m; sourceTree = "<group>"; };
		01A4B9481F3C40FC00E807B5 /* libz.tbd */ = {isa = PBXFileReference; lastKnownFileType = "sourcecode.text-based-dylib-definition"; name = libz.tbd; path = usr/lib/libz.tbd; sourceTree = SDKROOT; };
		01A4B94F1F3C46D700E807B5 /* DemoTwoViewController.h */ = {isa = PBXFileReference; fileEncoding = 4; lastKnownFileType = sourcecode.c.h; path = DemoTwoViewController.h; sourceTree = "<group>"; };
		01A4B9501F3C46D700E807B5 /* DemoTwoViewController.m */ = {isa = PBXFileReference; fileEncoding = 4; lastKnownFileType = sourcecode.c.objc; path = DemoTwoViewController.m; sourceTree = "<group>"; };
		01A4B9531F3C50C300E807B5 /* DemoThreeViewController.h */ = {isa = PBXFileReference; fileEncoding = 4; lastKnownFileType = sourcecode.c.h; path = DemoThreeViewController.h; sourceTree = "<group>"; };
		01A4B9541F3C50C300E807B5 /* DemoThreeViewController.m */ = {isa = PBXFileReference; fileEncoding = 4; lastKnownFileType = sourcecode.c.objc; path = DemoThreeViewController.m; sourceTree = "<group>"; };
		01A4B9571F3C547600E807B5 /* DemoFourViewController.h */ = {isa = PBXFileReference; fileEncoding = 4; lastKnownFileType = sourcecode.c.h; path = DemoFourViewController.h; sourceTree = "<group>"; };
		01A4B9581F3C547600E807B5 /* DemoFourViewController.m */ = {isa = PBXFileReference; fileEncoding = 4; lastKnownFileType = sourcecode.c.objc; path = DemoFourViewController.m; sourceTree = "<group>"; };
/* End PBXFileReference section */

/* Begin PBXFrameworksBuildPhase section */
		01A4B8F11F3C062100E807B5 /* Frameworks */ = {
			isa = PBXFrameworksBuildPhase;
			buildActionMask = 2147483647;
			files = (
				01A4B9491F3C40FC00E807B5 /* libz.tbd in Frameworks */,
			);
			runOnlyForDeploymentPostprocessing = 0;
		};
		01A4B90A1F3C062100E807B5 /* Frameworks */ = {
			isa = PBXFrameworksBuildPhase;
			buildActionMask = 2147483647;
			files = (
			);
			runOnlyForDeploymentPostprocessing = 0;
		};
		01A4B9151F3C062100E807B5 /* Frameworks */ = {
			isa = PBXFrameworksBuildPhase;
			buildActionMask = 2147483647;
			files = (
			);
			runOnlyForDeploymentPostprocessing = 0;
		};
/* End PBXFrameworksBuildPhase section */

/* Begin PBXGroup section */
		01A4B8EB1F3C062100E807B5 = {
			isa = PBXGroup;
			children = (
				01A4B8F61F3C062100E807B5 /* FNCollectionViewLayoutDemo */,
				01A4B9101F3C062100E807B5 /* FNCollectionViewLayoutDemoTests */,
				01A4B91B1F3C062100E807B5 /* FNCollectionViewLayoutDemoUITests */,
				01A4B8F51F3C062100E807B5 /* Products */,
				01A4B9471F3C40FC00E807B5 /* Frameworks */,
			);
			sourceTree = "<group>";
		};
		01A4B8F51F3C062100E807B5 /* Products */ = {
			isa = PBXGroup;
			children = (
				01A4B8F41F3C062100E807B5 /* FNCollectionViewLayoutDemo.app */,
				01A4B90D1F3C062100E807B5 /* FNCollectionViewLayoutDemoTests.xctest */,
				01A4B9181F3C062100E807B5 /* FNCollectionViewLayoutDemoUITests.xctest */,
			);
			name = Products;
			sourceTree = "<group>";
		};
		01A4B8F61F3C062100E807B5 /* FNCollectionViewLayoutDemo */ = {
			isa = PBXGroup;
			children = (
				01A4B9351F3C2FFF00E807B5 /* modules */,
				01A4B92B1F3C078100E807B5 /* FNCollectionViewLayout */,
				01A4B92A1F3C066200E807B5 /* main */,
				01A4B8F71F3C062100E807B5 /* Supporting Files */,
			);
			path = FNCollectionViewLayoutDemo;
			sourceTree = "<group>";
		};
		01A4B8F71F3C062100E807B5 /* Supporting Files */ = {
			isa = PBXGroup;
			children = (
				01A4B8F81F3C062100E807B5 /* main.m */,
			);
			name = "Supporting Files";
			sourceTree = "<group>";
		};
		01A4B9101F3C062100E807B5 /* FNCollectionViewLayoutDemoTests */ = {
			isa = PBXGroup;
			children = (
				01A4B9111F3C062100E807B5 /* FNCollectionViewLayoutDemoTests.m */,
				01A4B9131F3C062100E807B5 /* Info.plist */,
			);
			path = FNCollectionViewLayoutDemoTests;
			sourceTree = "<group>";
		};
		01A4B91B1F3C062100E807B5 /* FNCollectionViewLayoutDemoUITests */ = {
			isa = PBXGroup;
			children = (
				01A4B91C1F3C062100E807B5 /* FNCollectionViewLayoutDemoUITests.m */,
				01A4B91E1F3C062100E807B5 /* Info.plist */,
			);
			path = FNCollectionViewLayoutDemoUITests;
			sourceTree = "<group>";
		};
		01A4B92A1F3C066200E807B5 /* main */ = {
			isa = PBXGroup;
			children = (
				01A4B8FA1F3C062100E807B5 /* AppDelegate.h */,
				01A4B8FB1F3C062100E807B5 /* AppDelegate.m */,
				01A4B8FD1F3C062100E807B5 /* ViewController.h */,
				01A4B8FE1F3C062100E807B5 /* ViewController.m */,
				01A4B9001F3C062100E807B5 /* Main.storyboard */,
				01A4B9031F3C062100E807B5 /* Assets.xcassets */,
				01A4B9051F3C062100E807B5 /* LaunchScreen.storyboard */,
				01A4B9081F3C062100E807B5 /* Info.plist */,
			);
			name = main;
			sourceTree = "<group>";
		};
		01A4B92B1F3C078100E807B5 /* FNCollectionViewLayout */ = {
			isa = PBXGroup;
			children = (
				01A4B92C1F3C07AD00E807B5 /* FNLayout.h */,
				01A4B92D1F3C07AD00E807B5 /* FNLayout.m */,
				01A4B92F1F3C118100E807B5 /* FNCollectionViewLayout.h */,
				01A4B9301F3C118100E807B5 /* FNCollectionViewLayout.m */,
				01A4B9321F3C275100E807B5 /* FNCollectionViewReorderableLayout.h */,
				01A4B9331F3C275100E807B5 /* FNCollectionViewReorderableLayout.m */,
			);
			path = FNCollectionViewLayout;
			sourceTree = "<group>";
		};
		01A4B9351F3C2FFF00E807B5 /* modules */ = {
			isa = PBXGroup;
			children = (
				01A4B9561F3C545F00E807B5 /* demo4 */,
				01A4B9521F3C508C00E807B5 /* demo3 */,
				01A4B94E1F3C46C700E807B5 /* demo2 */,
				01A4B9361F3C301D00E807B5 /* demo1 */,
			);
			path = modules;
			sourceTree = "<group>";
		};
		01A4B9361F3C301D00E807B5 /* demo1 */ = {
			isa = PBXGroup;
			children = (
				01A4B93E1F3C370400E807B5 /* model */,
				01A4B93A1F3C317200E807B5 /* view */,
				01A4B9371F3C304600E807B5 /* DemoOneViewController.h */,
				01A4B9381F3C304600E807B5 /* DemoOneViewController.m */,
			);
			path = demo1;
			sourceTree = "<group>";
		};
		01A4B93A1F3C317200E807B5 /* view */ = {
			isa = PBXGroup;
			children = (
				01A4B93B1F3C36B800E807B5 /* DemoCollectionViewCell.h */,
				01A4B93C1F3C36B800E807B5 /* DemoCollectionViewCell.m */,
				01A4B9421F3C3F1100E807B5 /* DemoConCollectionViewCell.h */,
				01A4B9431F3C3F1100E807B5 /* DemoConCollectionViewCell.m */,
			);
			path = view;
			sourceTree = "<group>";
		};
		01A4B93E1F3C370400E807B5 /* model */ = {
			isa = PBXGroup;
			children = (
				01A4B93F1F3C37D700E807B5 /* DemoModel.h */,
				01A4B9401F3C37D700E807B5 /* DemoModel.m */,
			);
			path = model;
			sourceTree = "<group>";
		};
		01A4B9471F3C40FC00E807B5 /* Frameworks */ = {
			isa = PBXGroup;
			children = (
				01A4B9481F3C40FC00E807B5 /* libz.tbd */,
			);
			name = Frameworks;
			sourceTree = "<group>";
		};
		01A4B94E1F3C46C700E807B5 /* demo2 */ = {
			isa = PBXGroup;
			children = (
				01A4B94F1F3C46D700E807B5 /* DemoTwoViewController.h */,
				01A4B9501F3C46D700E807B5 /* DemoTwoViewController.m */,
			);
			path = demo2;
			sourceTree = "<group>";
		};
		01A4B9521F3C508C00E807B5 /* demo3 */ = {
			isa = PBXGroup;
			children = (
				01A4B9531F3C50C300E807B5 /* DemoThreeViewController.h */,
				01A4B9541F3C50C300E807B5 /* DemoThreeViewController.m */,
			);
			path = demo3;
			sourceTree = "<group>";
		};
		01A4B9561F3C545F00E807B5 /* demo4 */ = {
			isa = PBXGroup;
			children = (
				01A4B9571F3C547600E807B5 /* DemoFourViewController.h */,
				01A4B9581F3C547600E807B5 /* DemoFourViewController.m */,
			);
			path = demo4;
			sourceTree = "<group>";
		};
/* End PBXGroup section */

/* Begin PBXNativeTarget section */
		01A4B8F31F3C062100E807B5 /* FNCollectionViewLayoutDemo */ = {
			isa = PBXNativeTarget;
			buildConfigurationList = 01A4B9211F3C062100E807B5 /* Build configuration list for PBXNativeTarget "FNCollectionViewLayoutDemo" */;
			buildPhases = (
				01A4B8F01F3C062100E807B5 /* Sources */,
				01A4B8F11F3C062100E807B5 /* Frameworks */,
				01A4B8F21F3C062100E807B5 /* Resources */,
			);
			buildRules = (
			);
			dependencies = (
			);
			name = FNCollectionViewLayoutDemo;
			productName = FNCollectionViewLayoutDemo;
			productReference = 01A4B8F41F3C062100E807B5 /* FNCollectionViewLayoutDemo.app */;
			productType = "com.apple.product-type.application";
		};
		01A4B90C1F3C062100E807B5 /* FNCollectionViewLayoutDemoTests */ = {
			isa = PBXNativeTarget;
			buildConfigurationList = 01A4B9241F3C062100E807B5 /* Build configuration list for PBXNativeTarget "FNCollectionViewLayoutDemoTests" */;
			buildPhases = (
				01A4B9091F3C062100E807B5 /* Sources */,
				01A4B90A1F3C062100E807B5 /* Frameworks */,
				01A4B90B1F3C062100E807B5 /* Resources */,
			);
			buildRules = (
			);
			dependencies = (
				01A4B90F1F3C062100E807B5 /* PBXTargetDependency */,
			);
			name = FNCollectionViewLayoutDemoTests;
			productName = FNCollectionViewLayoutDemoTests;
			productReference = 01A4B90D1F3C062100E807B5 /* FNCollectionViewLayoutDemoTests.xctest */;
			productType = "com.apple.product-type.bundle.unit-test";
		};
		01A4B9171F3C062100E807B5 /* FNCollectionViewLayoutDemoUITests */ = {
			isa = PBXNativeTarget;
			buildConfigurationList = 01A4B9271F3C062100E807B5 /* Build configuration list for PBXNativeTarget "FNCollectionViewLayoutDemoUITests" */;
			buildPhases = (
				01A4B9141F3C062100E807B5 /* Sources */,
				01A4B9151F3C062100E807B5 /* Frameworks */,
				01A4B9161F3C062100E807B5 /* Resources */,
			);
			buildRules = (
			);
			dependencies = (
				01A4B91A1F3C062100E807B5 /* PBXTargetDependency */,
			);
			name = FNCollectionViewLayoutDemoUITests;
			productName = FNCollectionViewLayoutDemoUITests;
			productReference = 01A4B9181F3C062100E807B5 /* FNCollectionViewLayoutDemoUITests.xctest */;
			productType = "com.apple.product-type.bundle.ui-testing";
		};
/* End PBXNativeTarget section */

/* Begin PBXProject section */
		01A4B8EC1F3C062100E807B5 /* Project object */ = {
			isa = PBXProject;
			attributes = {
				LastUpgradeCheck = 0830;
				ORGANIZATIONNAME = demo;
				TargetAttributes = {
					01A4B8F31F3C062100E807B5 = {
						CreatedOnToolsVersion = 8.3.3;
						ProvisioningStyle = Automatic;
					};
					01A4B90C1F3C062100E807B5 = {
						CreatedOnToolsVersion = 8.3.3;
						ProvisioningStyle = Automatic;
						TestTargetID = 01A4B8F31F3C062100E807B5;
					};
					01A4B9171F3C062100E807B5 = {
						CreatedOnToolsVersion = 8.3.3;
						ProvisioningStyle = Automatic;
						TestTargetID = 01A4B8F31F3C062100E807B5;
					};
				};
			};
			buildConfigurationList = 01A4B8EF1F3C062100E807B5 /* Build configuration list for PBXProject "FNCollectionViewLayoutDemo" */;
			compatibilityVersion = "Xcode 3.2";
			developmentRegion = English;
			hasScannedForEncodings = 0;
			knownRegions = (
				en,
				Base,
			);
			mainGroup = 01A4B8EB1F3C062100E807B5;
			productRefGroup = 01A4B8F51F3C062100E807B5 /* Products */;
			projectDirPath = "";
			projectRoot = "";
			targets = (
				01A4B8F31F3C062100E807B5 /* FNCollectionViewLayoutDemo */,
				01A4B90C1F3C062100E807B5 /* FNCollectionViewLayoutDemoTests */,
				01A4B9171F3C062100E807B5 /* FNCollectionViewLayoutDemoUITests */,
			);
		};
/* End PBXProject section */

/* Begin PBXResourcesBuildPhase section */
		01A4B8F21F3C062100E807B5 /* Resources */ = {
			isa = PBXResourcesBuildPhase;
			buildActionMask = 2147483647;
			files = (
				01A4B9071F3C062100E807B5 /* LaunchScreen.storyboard in Resources */,
				01A4B9041F3C062100E807B5 /* Assets.xcassets in Resources */,
				01A4B9021F3C062100E807B5 /* Main.storyboard in Resources */,
			);
			runOnlyForDeploymentPostprocessing = 0;
		};
		01A4B90B1F3C062100E807B5 /* Resources */ = {
			isa = PBXResourcesBuildPhase;
			buildActionMask = 2147483647;
			files = (
			);
			runOnlyForDeploymentPostprocessing = 0;
		};
		01A4B9161F3C062100E807B5 /* Resources */ = {
			isa = PBXResourcesBuildPhase;
			buildActionMask = 2147483647;
			files = (
			);
			runOnlyForDeploymentPostprocessing = 0;
		};
/* End PBXResourcesBuildPhase section */

/* Begin PBXSourcesBuildPhase section */
		01A4B8F01F3C062100E807B5 /* Sources */ = {
			isa = PBXSourcesBuildPhase;
			buildActionMask = 2147483647;
			files = (
				01A4B9411F3C37D700E807B5 /* DemoModel.m in Sources */,
				01A4B9511F3C46D700E807B5 /* DemoTwoViewController.m in Sources */,
				01A4B8FF1F3C062100E807B5 /* ViewController.m in Sources */,
				01A4B9391F3C304600E807B5 /* DemoOneViewController.m in Sources */,
				01A4B8FC1F3C062100E807B5 /* AppDelegate.m in Sources */,
				01A4B8F91F3C062100E807B5 /* main.m in Sources */,
				01A4B92E1F3C07AD00E807B5 /* FNLayout.m in Sources */,
				01A4B9341F3C275100E807B5 /* FNCollectionViewReorderableLayout.m in Sources */,
				01A4B9551F3C50C300E807B5 /* DemoThreeViewController.m in Sources */,
				01A4B9311F3C118100E807B5 /* FNCollectionViewLayout.m in Sources */,
				01A4B9441F3C3F1100E807B5 /* DemoConCollectionViewCell.m in Sources */,
				01A4B9591F3C547600E807B5 /* DemoFourViewController.m in Sources */,
				01A4B93D1F3C36B800E807B5 /* DemoCollectionViewCell.m in Sources */,
			);
			runOnlyForDeploymentPostprocessing = 0;
		};
		01A4B9091F3C062100E807B5 /* Sources */ = {
			isa = PBXSourcesBuildPhase;
			buildActionMask = 2147483647;
			files = (
				01A4B9121F3C062100E807B5 /* FNCollectionViewLayoutDemoTests.m in Sources */,
			);
			runOnlyForDeploymentPostprocessing = 0;
		};
		01A4B9141F3C062100E807B5 /* Sources */ = {
			isa = PBXSourcesBuildPhase;
			buildActionMask = 2147483647;
			files = (
				01A4B91D1F3C062100E807B5 /* FNCollectionViewLayoutDemoUITests.m in Sources */,
			);
			runOnlyForDeploymentPostprocessing = 0;
		};
/* End PBXSourcesBuildPhase section */

/* Begin PBXTargetDependency section */
		01A4B90F1F3C062100E807B5 /* PBXTargetDependency */ = {
			isa = PBXTargetDependency;
			target = 01A4B8F31F3C062100E807B5 /* FNCollectionViewLayoutDemo */;
			targetProxy = 01A4B90E1F3C062100E807B5 /* PBXContainerItemProxy */;
		};
		01A4B91A1F3C062100E807B5 /* PBXTargetDependency */ = {
			isa = PBXTargetDependency;
			target = 01A4B8F31F3C062100E807B5 /* FNCollectionViewLayoutDemo */;
			targetProxy = 01A4B9191F3C062100E807B5 /* PBXContainerItemProxy */;
		};
/* End PBXTargetDependency section */

/* Begin PBXVariantGroup section */
		01A4B9001F3C062100E807B5 /* Main.storyboard */ = {
			isa = PBXVariantGroup;
			children = (
				01A4B9011F3C062100E807B5 /* Base */,
			);
			name = Main.storyboard;
			sourceTree = "<group>";
		};
		01A4B9051F3C062100E807B5 /* LaunchScreen.storyboard */ = {
			isa = PBXVariantGroup;
			children = (
				01A4B9061F3C062100E807B5 /* Base */,
			);
			name = LaunchScreen.storyboard;
			sourceTree = "<group>";
		};
/* End PBXVariantGroup section */

/* Begin XCBuildConfiguration section */
		01A4B91F1F3C062100E807B5 /* Debug */ = {
			isa = XCBuildConfiguration;
			buildSettings = {
				ALWAYS_SEARCH_USER_PATHS = NO;
				CLANG_ANALYZER_NONNULL = YES;
				CLANG_ANALYZER_NUMBER_OBJECT_CONVERSION = YES_AGGRESSIVE;
				CLANG_CXX_LANGUAGE_STANDARD = "gnu++0x";
				CLANG_CXX_LIBRARY = "libc++";
				CLANG_ENABLE_MODULES = YES;
				CLANG_ENABLE_OBJC_ARC = YES;
				CLANG_WARN_BOOL_CONVERSION = YES;
				CLANG_WARN_CONSTANT_CONVERSION = YES;
				CLANG_WARN_DIRECT_OBJC_ISA_USAGE = YES_ERROR;
				CLANG_WARN_DOCUMENTATION_COMMENTS = YES;
				CLANG_WARN_EMPTY_BODY = YES;
				CLANG_WARN_ENUM_CONVERSION = YES;
				CLANG_WARN_INFINITE_RECURSION = YES;
				CLANG_WARN_INT_CONVERSION = YES;
				CLANG_WARN_OBJC_ROOT_CLASS = YES_ERROR;
				CLANG_WARN_SUSPICIOUS_MOVE = YES;
				CLANG_WARN_UNREACHABLE_CODE = YES;
				CLANG_WARN__DUPLICATE_METHOD_MATCH = YES;
				"CODE_SIGN_IDENTITY[sdk=iphoneos*]" = "iPhone Developer";
				COPY_PHASE_STRIP = NO;
				DEBUG_INFORMATION_FORMAT = dwarf;
				ENABLE_STRICT_OBJC_MSGSEND = YES;
				ENABLE_TESTABILITY = YES;
				GCC_C_LANGUAGE_STANDARD = gnu99;
				GCC_DYNAMIC_NO_PIC = NO;
				GCC_NO_COMMON_BLOCKS = YES;
				GCC_OPTIMIZATION_LEVEL = 0;
				GCC_PREPROCESSOR_DEFINITIONS = (
					"DEBUG=1",
					"$(inherited)",
				);
				GCC_WARN_64_TO_32_BIT_CONVERSION = YES;
				GCC_WARN_ABOUT_RETURN_TYPE = YES_ERROR;
				GCC_WARN_UNDECLARED_SELECTOR = YES;
				GCC_WARN_UNINITIALIZED_AUTOS = YES_AGGRESSIVE;
				GCC_WARN_UNUSED_FUNCTION = YES;
				GCC_WARN_UNUSED_VARIABLE = YES;
				IPHONEOS_DEPLOYMENT_TARGET = 10.3;
				MTL_ENABLE_DEBUG_INFO = YES;
				ONLY_ACTIVE_ARCH = YES;
				SDKROOT = iphoneos;
				TARGETED_DEVICE_FAMILY = "1,2";
			};
			name = Debug;
		};
		01A4B9201F3C062100E807B5 /* Release */ = {
			isa = XCBuildConfiguration;
			buildSettings = {
				ALWAYS_SEARCH_USER_PATHS = NO;
				CLANG_ANALYZER_NONNULL = YES;
				CLANG_ANALYZER_NUMBER_OBJECT_CONVERSION = YES_AGGRESSIVE;
				CLANG_CXX_LANGUAGE_STANDARD = "gnu++0x";
				CLANG_CXX_LIBRARY = "libc++";
				CLANG_ENABLE_MODULES = YES;
				CLANG_ENABLE_OBJC_ARC = YES;
				CLANG_WARN_BOOL_CONVERSION = YES;
				CLANG_WARN_CONSTANT_CONVERSION = YES;
				CLANG_WARN_DIRECT_OBJC_ISA_USAGE = YES_ERROR;
				CLANG_WARN_DOCUMENTATION_COMMENTS = YES;
				CLANG_WARN_EMPTY_BODY = YES;
				CLANG_WARN_ENUM_CONVERSION = YES;
				CLANG_WARN_INFINITE_RECURSION = YES;
				CLANG_WARN_INT_CONVERSION = YES;
				CLANG_WARN_OBJC_ROOT_CLASS = YES_ERROR;
				CLANG_WARN_SUSPICIOUS_MOVE = YES;
				CLANG_WARN_UNREACHABLE_CODE = YES;
				CLANG_WARN__DUPLICATE_METHOD_MATCH = YES;
				"CODE_SIGN_IDENTITY[sdk=iphoneos*]" = "iPhone Developer";
				COPY_PHASE_STRIP = NO;
				DEBUG_INFORMATION_FORMAT = "dwarf-with-dsym";
				ENABLE_NS_ASSERTIONS = NO;
				ENABLE_STRICT_OBJC_MSGSEND = YES;
				GCC_C_LANGUAGE_STANDARD = gnu99;
				GCC_NO_COMMON_BLOCKS = YES;
				GCC_WARN_64_TO_32_BIT_CONVERSION = YES;
				GCC_WARN_ABOUT_RETURN_TYPE = YES_ERROR;
				GCC_WARN_UNDECLARED_SELECTOR = YES;
				GCC_WARN_UNINITIALIZED_AUTOS = YES_AGGRESSIVE;
				GCC_WARN_UNUSED_FUNCTION = YES;
				GCC_WARN_UNUSED_VARIABLE = YES;
				IPHONEOS_DEPLOYMENT_TARGET = 10.3;
				MTL_ENABLE_DEBUG_INFO = NO;
				SDKROOT = iphoneos;
				TARGETED_DEVICE_FAMILY = "1,2";
				VALIDATE_PRODUCT = YES;
			};
			name = Release;
		};
		01A4B9221F3C062100E807B5 /* Debug */ = {
			isa = XCBuildConfiguration;
			buildSettings = {
				ASSETCATALOG_COMPILER_APPICON_NAME = AppIcon;
				FRAMEWORK_SEARCH_PATHS = (
					"$(inherited)",
					"$(PROJECT_DIR)/FNCollectionViewLayoutDemo",
				);
				INFOPLIST_FILE = FNCollectionViewLayoutDemo/Info.plist;
				LD_RUNPATH_SEARCH_PATHS = "$(inherited) @executable_path/Frameworks";
				OTHER_LDFLAGS = "";
				PRODUCT_BUNDLE_IDENTIFIER = com.demo.FNCollectionViewLayoutDemo;
				PRODUCT_NAME = "$(TARGET_NAME)";
			};
			name = Debug;
		};
		01A4B9231F3C062100E807B5 /* Release */ = {
			isa = XCBuildConfiguration;
			buildSettings = {
				ASSETCATALOG_COMPILER_APPICON_NAME = AppIcon;
				FRAMEWORK_SEARCH_PATHS = (
					"$(inherited)",
					"$(PROJECT_DIR)/FNCollectionViewLayoutDemo",
				);
				INFOPLIST_FILE = FNCollectionViewLayoutDemo/Info.plist;
				LD_RUNPATH_SEARCH_PATHS = "$(inherited) @executable_path/Frameworks";
				OTHER_LDFLAGS = "";
				PRODUCT_BUNDLE_IDENTIFIER = com.demo.FNCollectionViewLayoutDemo;
				PRODUCT_NAME = "$(TARGET_NAME)";
			};
			name = Release;
		};
		01A4B9251F3C062100E807B5 /* Debug */ = {
			isa = XCBuildConfiguration;
			buildSettings = {
				BUNDLE_LOADER = "$(TEST_HOST)";
				INFOPLIST_FILE = FNCollectionViewLayoutDemoTests/Info.plist;
				LD_RUNPATH_SEARCH_PATHS = "$(inherited) @executable_path/Frameworks @loader_path/Frameworks";
				PRODUCT_BUNDLE_IDENTIFIER = com.demo.FNCollectionViewLayoutDemoTests;
				PRODUCT_NAME = "$(TARGET_NAME)";
				TEST_HOST = "$(BUILT_PRODUCTS_DIR)/FNCollectionViewLayoutDemo.app/FNCollectionViewLayoutDemo";
			};
			name = Debug;
		};
		01A4B9261F3C062100E807B5 /* Release */ = {
			isa = XCBuildConfiguration;
			buildSettings = {
				BUNDLE_LOADER = "$(TEST_HOST)";
				INFOPLIST_FILE = FNCollectionViewLayoutDemoTests/Info.plist;
				LD_RUNPATH_SEARCH_PATHS = "$(inherited) @executable_path/Frameworks @loader_path/Frameworks";
				PRODUCT_BUNDLE_IDENTIFIER = com.demo.FNCollectionViewLayoutDemoTests;
				PRODUCT_NAME = "$(TARGET_NAME)";
				TEST_HOST = "$(BUILT_PRODUCTS_DIR)/FNCollectionViewLayoutDemo.app/FNCollectionViewLayoutDemo";
			};
			name = Release;
		};
		01A4B9281F3C062100E807B5 /* Debug */ = {
			isa = XCBuildConfiguration;
			buildSettings = {
				INFOPLIST_FILE = FNCollectionViewLayoutDemoUITests/Info.plist;
				LD_RUNPATH_SEARCH_PATHS = "$(inherited) @executable_path/Frameworks @loader_path/Frameworks";
				PRODUCT_BUNDLE_IDENTIFIER = com.demo.FNCollectionViewLayoutDemoUITests;
				PRODUCT_NAME = "$(TARGET_NAME)";
				TEST_TARGET_NAME = FNCollectionViewLayoutDemo;
			};
			name = Debug;
		};
		01A4B9291F3C062100E807B5 /* Release */ = {
			isa = XCBuildConfiguration;
			buildSettings = {
				INFOPLIST_FILE = FNCollectionViewLayoutDemoUITests/Info.plist;
				LD_RUNPATH_SEARCH_PATHS = "$(inherited) @executable_path/Frameworks @loader_path/Frameworks";
				PRODUCT_BUNDLE_IDENTIFIER = com.demo.FNCollectionViewLayoutDemoUITests;
				PRODUCT_NAME = "$(TARGET_NAME)";
				TEST_TARGET_NAME = FNCollectionViewLayoutDemo;
			};
			name = Release;
		};
/* End XCBuildConfiguration section */

/* Begin XCConfigurationList section */
		01A4B8EF1F3C062100E807B5 /* Build configuration list for PBXProject "FNCollectionViewLayoutDemo" */ = {
			isa = XCConfigurationList;
			buildConfigurations = (
				01A4B91F1F3C062100E807B5 /* Debug */,
				01A4B9201F3C062100E807B5 /* Release */,
			);
			defaultConfigurationIsVisible = 0;
			defaultConfigurationName = Release;
		};
		01A4B9211F3C062100E807B5 /* Build configuration list for PBXNativeTarget "FNCollectionViewLayoutDemo" */ = {
			isa = XCConfigurationList;
			buildConfigurations = (
				01A4B9221F3C062100E807B5 /* Debug */,
				01A4B9231F3C062100E807B5 /* Release */,
			);
			defaultConfigurationIsVisible = 0;
			defaultConfigurationName = Release;
		};
		01A4B9241F3C062100E807B5 /* Build configuration list for PBXNativeTarget "FNCollectionViewLayoutDemoTests" */ = {
			isa = XCConfigurationList;
			buildConfigurations = (
				01A4B9251F3C062100E807B5 /* Debug */,
				01A4B9261F3C062100E807B5 /* Release */,
			);
			defaultConfigurationIsVisible = 0;
			defaultConfigurationName = Release;
		};
		01A4B9271F3C062100E807B5 /* Build configuration list for PBXNativeTarget "FNCollectionViewLayoutDemoUITests" */ = {
			isa = XCConfigurationList;
			buildConfigurations = (
				01A4B9281F3C062100E807B5 /* Debug */,
				01A4B9291F3C062100E807B5 /* Release */,
			);
			defaultConfigurationIsVisible = 0;
			defaultConfigurationName = Release;
		};
/* End XCConfigurationList section */
	};
	rootObject = 01A4B8EC1F3C062100E807B5 /* Project object */;
}
